
Microsoft Visual Studio Solution File, Format Version 12.00
# Visual Studio Version 16
VisualStudioVersion = 16.0.30114.128
MinimumVisualStudioVersion = 10.0.40219.1
Project("{FAE04EC0-301F-11D3-BF4B-00C04F79EFBC}") = "SudokuSolverSample", "SudokuSolverSample\SudokuSolverSample.csproj", "{0B55D291-97AF-46C4-A8EF-61EB739DF96E}"
EndProject
Project("{2150E333-8FDC-42A3-9474-1A3956D46DE8}") = "Assemblies", "Assemblies", "{82FA61D3-56B0-460C-A3E2-B68CDD8A1802}"
	ProjectSection(SolutionItems) = preProject
		Assemblies\Microsoft.Solver.Foundation.dll = Assemblies\Microsoft.Solver.Foundation.dll
	EndProjectSection
EndProject
Project("{FAE04EC0-301F-11D3-BF4B-00C04F79EFBC}") = "SudokuSolverSampleNetCore", "SudokuSolverSampleNetCore\SudokuSolverSampleNetCore.csproj", "{7835758A-24F9-44F7-9873-D3C4C514C215}"
EndProject
Global
	GlobalSection(SolutionConfigurationPlatforms) = preSolution
		Debug|Any CPU = Debug|Any CPU
		Release|Any CPU = Release|Any CPU
	EndGlobalSection
	GlobalSection(ProjectConfigurationPlatforms) = postSolution
		{0B55D291-97AF-46C4-A8EF-61EB739DF96E}.Debug|Any CPU.ActiveCfg = Debug|Any CPU
		{0B55D291-97AF-46C4-A8EF-61EB739DF96E}.Debug|Any CPU.Build.0 = Debug|Any CPU
		{0B55D291-97AF-46C4-A8EF-61EB739DF96E}.Release|Any CPU.ActiveCfg = Release|Any CPU
		{0B55D291-97AF-46C4-A8EF-61EB739DF96E}.Release|Any CPU.Build.0 = Release|Any CPU
		{7835758A-24F9-44F7-9873-D3C4C514C215}.Debug|Any CPU.ActiveCfg = Debug|Any CPU
		{7835758A-24F9-44F7-9873-D3C4C514C215}.Debug|Any CPU.Build.0 = Debug|Any CPU
		{7835758A-24F9-44F7-9873-D3C4C514C215}.Release|Any CPU.ActiveCfg = Release|Any CPU
		{7835758A-24F9-44F7-9873-D3C4C514C215}.Release|Any CPU.Build.0 = Release|Any CPU
	EndGlobalSection
	GlobalSection(SolutionProperties) = preSolution
		HideSolutionNode = FALSE
	EndGlobalSection
	GlobalSection(ExtensibilityGlobals) = postSolution
		SolutionGuid = {ADE7DD7B-8F43-4CA6-99AD-69A8B303598B}
	EndGlobalSection
EndGlobal
